// !$*UTF8*$!
{
	archiveVersion = 1;
	classes = {
	};
	objectVersion = 51;
	objects = {

/* Begin PBXBuildFile section */
		344BD27F2417B88F004B788A /* AppDelegate.swift in Sources */ = {isa = PBXBuildFile; fileRef = 344BD27E2417B88F004B788A /* AppDelegate.swift */; };
		344BD2812417B88F004B788A /* SceneDelegate.swift in Sources */ = {isa = PBXBuildFile; fileRef = 344BD2802417B88F004B788A /* SceneDelegate.swift */; };
		344BD2832417B88F004B788A /* ViewController.swift in Sources */ = {isa = PBXBuildFile; fileRef = 344BD2822417B88F004B788A /* ViewController.swift */; };
		344BD2862417B88F004B788A /* Main.storyboard in Resources */ = {isa = PBXBuildFile; fileRef = 344BD2842417B88F004B788A /* Main.storyboard */; };
		344BD2882417B894004B788A /* Assets.xcassets in Resources */ = {isa = PBXBuildFile; fileRef = 344BD2872417B894004B788A /* Assets.xcassets */; };
		344BD28B2417B894004B788A /* LaunchScreen.storyboard in Resources */ = {isa = PBXBuildFile; fileRef = 344BD2892417B894004B788A /* LaunchScreen.storyboard */; };
		344BD2932417BC42004B788A /* podfile in Resources */ = {isa = PBXBuildFile; fileRef = 344BD2922417BC42004B788A /* podfile */; };
		346752C8241CA5C2004B9357 /* MyTabBarController.swift in Sources */ = {isa = PBXBuildFile; fileRef = 346752C7241CA5C2004B9357 /* MyTabBarController.swift */; };
		34D73B8B241D44AF00A30646 /* Constants.swift in Sources */ = {isa = PBXBuildFile; fileRef = 34D73B8A241D44AF00A30646 /* Constants.swift */; };
		34D73B8E241D451C00A30646 /* Utilities.swift in Sources */ = {isa = PBXBuildFile; fileRef = 34D73B8D241D451C00A30646 /* Utilities.swift */; };
		34D73B90241D4D6100A30646 /* GuideVC.swift in Sources */ = {isa = PBXBuildFile; fileRef = 34D73B8F241D4D6100A30646 /* GuideVC.swift */; };
		34D73B92241D4D7700A30646 /* SignUpVC.swift in Sources */ = {isa = PBXBuildFile; fileRef = 34D73B91241D4D7700A30646 /* SignUpVC.swift */; };
		34D73B94241D4D8500A30646 /* LoginVC.swift in Sources */ = {isa = PBXBuildFile; fileRef = 34D73B93241D4D8500A30646 /* LoginVC.swift */; };
		34D73B97241D511E00A30646 /* loginbg.mp4 in Resources */ = {isa = PBXBuildFile; fileRef = 34D73B96241D511E00A30646 /* loginbg.mp4 */; };
		34D73BA1241E2FA600A30646 /* MatchCollectionVC.swift in Sources */ = {isa = PBXBuildFile; fileRef = 34D73BA0241E2FA600A30646 /* MatchCollectionVC.swift */; };
		6D3AFFFEB1604C467E3CFB38 /* Pods_SoulMate.framework in Frameworks */ = {isa = PBXBuildFile; fileRef = 65F8B144F01EB1590C04A372 /* Pods_SoulMate.framework */; };
/* End PBXBuildFile section */

/* Begin PBXFileReference section */
		344BD27B2417B88F004B788A /* SoulMate.app */ = {isa = PBXFileReference; explicitFileType = wrapper.application; includeInIndex = 0; path = SoulMate.app; sourceTree = BUILT_PRODUCTS_DIR; };
		344BD27E2417B88F004B788A /* AppDelegate.swift */ = {isa = PBXFileReference; lastKnownFileType = sourcecode.swift; path = AppDelegate.swift; sourceTree = "<group>"; };
		344BD2802417B88F004B788A /* SceneDelegate.swift */ = {isa = PBXFileReference; lastKnownFileType = sourcecode.swift; path = SceneDelegate.swift; sourceTree = "<group>"; };
		344BD2822417B88F004B788A /* ViewController.swift */ = {isa = PBXFileReference; lastKnownFileType = sourcecode.swift; path = ViewController.swift; sourceTree = "<group>"; };
		344BD2852417B88F004B788A /* Base */ = {isa = PBXFileReference; lastKnownFileType = file.storyboard; name = Base; path = Base.lproj/Main.storyboard; sourceTree = "<group>"; };
		344BD2872417B894004B788A /* Assets.xcassets */ = {isa = PBXFileReference; lastKnownFileType = folder.assetcatalog; path = Assets.xcassets; sourceTree = "<group>"; };
		344BD28A2417B894004B788A /* Base */ = {isa = PBXFileReference; lastKnownFileType = file.storyboard; name = Base; path = Base.lproj/LaunchScreen.storyboard; sourceTree = "<group>"; };
		344BD28C2417B894004B788A /* Info.plist */ = {isa = PBXFileReference; lastKnownFileType = text.plist.xml; path = Info.plist; sourceTree = "<group>"; };
		344BD2922417BC42004B788A /* podfile */ = {isa = PBXFileReference; lastKnownFileType = text; path = podfile; sourceTree = "<group>"; };
		346752C7241CA5C2004B9357 /* MyTabBarController.swift */ = {isa = PBXFileReference; lastKnownFileType = sourcecode.swift; path = MyTabBarController.swift; sourceTree = "<group>"; };
		34D73B8A241D44AF00A30646 /* Constants.swift */ = {isa = PBXFileReference; lastKnownFileType = sourcecode.swift; path = Constants.swift; sourceTree = "<group>"; };
		34D73B8D241D451C00A30646 /* Utilities.swift */ = {isa = PBXFileReference; lastKnownFileType = sourcecode.swift; path = Utilities.swift; sourceTree = "<group>"; };
		34D73B8F241D4D6100A30646 /* GuideVC.swift */ = {isa = PBXFileReference; lastKnownFileType = sourcecode.swift; path = GuideVC.swift; sourceTree = "<group>"; };
		34D73B91241D4D7700A30646 /* SignUpVC.swift */ = {isa = PBXFileReference; lastKnownFileType = sourcecode.swift; path = SignUpVC.swift; sourceTree = "<group>"; };
		34D73B93241D4D8500A30646 /* LoginVC.swift */ = {isa = PBXFileReference; lastKnownFileType = sourcecode.swift; path = LoginVC.swift; sourceTree = "<group>"; };
		34D73B96241D511E00A30646 /* loginbg.mp4 */ = {isa = PBXFileReference; lastKnownFileType = file; path = loginbg.mp4; sourceTree = "<group>"; };
		34D73BA0241E2FA600A30646 /* MatchCollectionVC.swift */ = {isa = PBXFileReference; lastKnownFileType = sourcecode.swift; path = MatchCollectionVC.swift; sourceTree = "<group>"; };
		65F8B144F01EB1590C04A372 /* Pods_SoulMate.framework */ = {isa = PBXFileReference; explicitFileType = wrapper.framework; includeInIndex = 0; path = Pods_SoulMate.framework; sourceTree = BUILT_PRODUCTS_DIR; };
		A82F161B4FD2D08F21BD5F60 /* Pods-SoulMate.debug.xcconfig */ = {isa = PBXFileReference; includeInIndex = 1; lastKnownFileType = text.xcconfig; name = "Pods-SoulMate.debug.xcconfig"; path = "Target Support Files/Pods-SoulMate/Pods-SoulMate.debug.xcconfig"; sourceTree = "<group>"; };
		CCAACD3DFB77C411ABC66648 /* Pods-SoulMate.release.xcconfig */ = {isa = PBXFileReference; includeInIndex = 1; lastKnownFileType = text.xcconfig; name = "Pods-SoulMate.release.xcconfig"; path = "Target Support Files/Pods-SoulMate/Pods-SoulMate.release.xcconfig"; sourceTree = "<group>"; };
/* End PBXFileReference section */

/* Begin PBXFrameworksBuildPhase section */
		344BD2782417B88F004B788A /* Frameworks */ = {
			isa = PBXFrameworksBuildPhase;
			buildActionMask = 2147483647;
			files = (
				6D3AFFFEB1604C467E3CFB38 /* Pods_SoulMate.framework in Frameworks */,
			);
			runOnlyForDeploymentPostprocessing = 0;
		};
/* End PBXFrameworksBuildPhase section */

/* Begin PBXGroup section */
		3361864CA40BA02E56E31E85 /* Pods */ = {
			isa = PBXGroup;
			children = (
				A82F161B4FD2D08F21BD5F60 /* Pods-SoulMate.debug.xcconfig */,
				CCAACD3DFB77C411ABC66648 /* Pods-SoulMate.release.xcconfig */,
			);
			path = Pods;
			sourceTree = "<group>";
		};
		344BD2722417B88F004B788A = {
			isa = PBXGroup;
			children = (
				344BD2922417BC42004B788A /* podfile */,
				344BD27D2417B88F004B788A /* SoulMate */,
				344BD27C2417B88F004B788A /* Products */,
				3361864CA40BA02E56E31E85 /* Pods */,
				603FBC282431C16E24590018 /* Frameworks */,
			);
			sourceTree = "<group>";
		};
		344BD27C2417B88F004B788A /* Products */ = {
			isa = PBXGroup;
			children = (
				344BD27B2417B88F004B788A /* SoulMate.app */,
			);
			name = Products;
			sourceTree = "<group>";
		};
		344BD27D2417B88F004B788A /* SoulMate */ = {
			isa = PBXGroup;
			children = (
				344BD27E2417B88F004B788A /* AppDelegate.swift */,
				344BD2802417B88F004B788A /* SceneDelegate.swift */,
				34D73B95241D511300A30646 /* Video */,
				34D73B85241D445C00A30646 /* Helpers */,
				34BBEF9D2418989F00AC9DFF /* View Controllers */,
				344BD2842417B88F004B788A /* Main.storyboard */,
				344BD2872417B894004B788A /* Assets.xcassets */,
				344BD2892417B894004B788A /* LaunchScreen.storyboard */,
				344BD28C2417B894004B788A /* Info.plist */,
			);
			path = SoulMate;
			sourceTree = "<group>";
		};
		34BBEF9D2418989F00AC9DFF /* View Controllers */ = {
			isa = PBXGroup;
			children = (
				344BD2822417B88F004B788A /* ViewController.swift */,
				346752C7241CA5C2004B9357 /* MyTabBarController.swift */,
				34D73B8F241D4D6100A30646 /* GuideVC.swift */,
				34D73B93241D4D8500A30646 /* LoginVC.swift */,
				34D73B91241D4D7700A30646 /* SignUpVC.swift */,
				34D73BA0241E2FA600A30646 /* MatchCollectionVC.swift */,
			);
			path = "View Controllers";
			sourceTree = "<group>";
		};
		34D73B85241D445C00A30646 /* Helpers */ = {
			isa = PBXGroup;
			children = (
				34D73B8A241D44AF00A30646 /* Constants.swift */,
				34D73B8D241D451C00A30646 /* Utilities.swift */,
			);
			path = Helpers;
			sourceTree = "<group>";
		};
		34D73B95241D511300A30646 /* Video */ = {
			isa = PBXGroup;
			children = (
				34D73B96241D511E00A30646 /* loginbg.mp4 */,
			);
			path = Video;
			sourceTree = "<group>";
		};
		603FBC282431C16E24590018 /* Frameworks */ = {
			isa = PBXGroup;
			children = (
				65F8B144F01EB1590C04A372 /* Pods_SoulMate.framework */,
			);
			name = Frameworks;
			sourceTree = "<group>";
		};
/* End PBXGroup section */

/* Begin PBXNativeTarget section */
		344BD27A2417B88F004B788A /* SoulMate */ = {
			isa = PBXNativeTarget;
			buildConfigurationList = 344BD28F2417B894004B788A /* Build configuration list for PBXNativeTarget "SoulMate" */;
			buildPhases = (
				C166376123D0C07EE9C2DD23 /* [CP] Check Pods Manifest.lock */,
				344BD2772417B88F004B788A /* Sources */,
				344BD2782417B88F004B788A /* Frameworks */,
				344BD2792417B88F004B788A /* Resources */,
				5A828D60CE38AA5D25AAC157 /* [CP] Embed Pods Frameworks */,
			);
			buildRules = (
			);
			dependencies = (
			);
			name = SoulMate;
			productName = SoulMate;
			productReference = 344BD27B2417B88F004B788A /* SoulMate.app */;
			productType = "com.apple.product-type.application";
		};
/* End PBXNativeTarget section */

/* Begin PBXProject section */
		344BD2732417B88F004B788A /* Project object */ = {
			isa = PBXProject;
			attributes = {
				LastSwiftUpdateCheck = 1130;
				LastUpgradeCheck = 1130;
				ORGANIZATIONNAME = "陈沛";
				TargetAttributes = {
					344BD27A2417B88F004B788A = {
						CreatedOnToolsVersion = 11.3.1;
					};
				};
			};
			buildConfigurationList = 344BD2762417B88F004B788A /* Build configuration list for PBXProject "SoulMate" */;
			compatibilityVersion = "Xcode 9.3";
			developmentRegion = en;
			hasScannedForEncodings = 0;
			knownRegions = (
				en,
				Base,
			);
			mainGroup = 344BD2722417B88F004B788A;
			productRefGroup = 344BD27C2417B88F004B788A /* Products */;
			projectDirPath = "";
			projectRoot = "";
			targets = (
				344BD27A2417B88F004B788A /* SoulMate */,
			);
		};
/* End PBXProject section */

/* Begin PBXResourcesBuildPhase section */
		344BD2792417B88F004B788A /* Resources */ = {
			isa = PBXResourcesBuildPhase;
			buildActionMask = 2147483647;
			files = (
				344BD28B2417B894004B788A /* LaunchScreen.storyboard in Resources */,
				34D73B97241D511E00A30646 /* loginbg.mp4 in Resources */,
				344BD2882417B894004B788A /* Assets.xcassets in Resources */,
				344BD2932417BC42004B788A /* podfile in Resources */,
				344BD2862417B88F004B788A /* Main.storyboard in Resources */,
			);
			runOnlyForDeploymentPostprocessing = 0;
		};
/* End PBXResourcesBuildPhase section */

/* Begin PBXShellScriptBuildPhase section */
		5A828D60CE38AA5D25AAC157 /* [CP] Embed Pods Frameworks */ = {
			isa = PBXShellScriptBuildPhase;
			buildActionMask = 2147483647;
			files = (
			);
			inputFileListPaths = (
				"${PODS_ROOT}/Target Support Files/Pods-SoulMate/Pods-SoulMate-frameworks-${CONFIGURATION}-input-files.xcfilelist",
			);
			name = "[CP] Embed Pods Frameworks";
			outputFileListPaths = (
				"${PODS_ROOT}/Target Support Files/Pods-SoulMate/Pods-SoulMate-frameworks-${CONFIGURATION}-output-files.xcfilelist",
			);
			runOnlyForDeploymentPostprocessing = 0;
			shellPath = /bin/sh;
			shellScript = "\"${PODS_ROOT}/Target Support Files/Pods-SoulMate/Pods-SoulMate-frameworks.sh\"\n";
			showEnvVarsInLog = 0;
		};
		C166376123D0C07EE9C2DD23 /* [CP] Check Pods Manifest.lock */ = {
			isa = PBXShellScriptBuildPhase;
			buildActionMask = 2147483647;
			files = (
			);
			inputFileListPaths = (
			);
			inputPaths = (
				"${PODS_PODFILE_DIR_PATH}/Podfile.lock",
				"${PODS_ROOT}/Manifest.lock",
			);
			name = "[CP] Check Pods Manifest.lock";
			outputFileListPaths = (
			);
			outputPaths = (
				"$(DERIVED_FILE_DIR)/Pods-SoulMate-checkManifestLockResult.txt",
			);
			runOnlyForDeploymentPostprocessing = 0;
			shellPath = /bin/sh;
			shellScript = "diff \"${PODS_PODFILE_DIR_PATH}/Podfile.lock\" \"${PODS_ROOT}/Manifest.lock\" > /dev/null\nif [ $? != 0 ] ; then\n    # print error to STDERR\n    echo \"error: The sandbox is not in sync with the Podfile.lock. Run 'pod install' or update your CocoaPods installation.\" >&2\n    exit 1\nfi\n# This output is used by Xcode 'outputs' to avoid re-running this script phase.\necho \"SUCCESS\" > \"${SCRIPT_OUTPUT_FILE_0}\"\n";
			showEnvVarsInLog = 0;
		};
/* End PBXShellScriptBuildPhase section */

/* Begin PBXSourcesBuildPhase section */
		344BD2772417B88F004B788A /* Sources */ = {
			isa = PBXSourcesBuildPhase;
			buildActionMask = 2147483647;
			files = (
				34D73BA1241E2FA600A30646 /* MatchCollectionVC.swift in Sources */,
				34D73B94241D4D8500A30646 /* LoginVC.swift in Sources */,
				344BD2832417B88F004B788A /* ViewController.swift in Sources */,
				344BD27F2417B88F004B788A /* AppDelegate.swift in Sources */,
				344BD2812417B88F004B788A /* SceneDelegate.swift in Sources */,
				34D73B90241D4D6100A30646 /* GuideVC.swift in Sources */,
				34D73B8B241D44AF00A30646 /* Constants.swift in Sources */,
				34D73B8E241D451C00A30646 /* Utilities.swift in Sources */,
				34D73B92241D4D7700A30646 /* SignUpVC.swift in Sources */,
				346752C8241CA5C2004B9357 /* MyTabBarController.swift in Sources */,
			);
			runOnlyForDeploymentPostprocessing = 0;
		};
/* End PBXSourcesBuildPhase section */

/* Begin PBXVariantGroup section */
		344BD2842417B88F004B788A /* Main.storyboard */ = {
			isa = PBXVariantGroup;
			children = (
				344BD2852417B88F004B788A /* Base */,
			);
			name = Main.storyboard;
			sourceTree = "<group>";
		};
		344BD2892417B894004B788A /* LaunchScreen.storyboard */ = {
			isa = PBXVariantGroup;
			children = (
				344BD28A2417B894004B788A /* Base */,
			);
			name = LaunchScreen.storyboard;
			sourceTree = "<group>";
		};
/* End PBXVariantGroup section */

/* Begin XCBuildConfiguration section */
		344BD28D2417B894004B788A /* Debug */ = {
			isa = XCBuildConfiguration;
			buildSettings = {
				ALWAYS_SEARCH_USER_PATHS = NO;
				CLANG_ANALYZER_NONNULL = YES;
				CLANG_ANALYZER_NUMBER_OBJECT_CONVERSION = YES_AGGRESSIVE;
				CLANG_CXX_LANGUAGE_STANDARD = "gnu++14";
				CLANG_CXX_LIBRARY = "libc++";
				CLANG_ENABLE_MODULES = YES;
				CLANG_ENABLE_OBJC_ARC = YES;
				CLANG_ENABLE_OBJC_WEAK = YES;
				CLANG_WARN_BLOCK_CAPTURE_AUTORELEASING = YES;
				CLANG_WARN_BOOL_CONVERSION = YES;
				CLANG_WARN_COMMA = YES;
				CLANG_WARN_CONSTANT_CONVERSION = YES;
				CLANG_WARN_DEPRECATED_OBJC_IMPLEMENTATIONS = YES;
				CLANG_WARN_DIRECT_OBJC_ISA_USAGE = YES_ERROR;
				CLANG_WARN_DOCUMENTATION_COMMENTS = YES;
				CLANG_WARN_EMPTY_BODY = YES;
				CLANG_WARN_ENUM_CONVERSION = YES;
				CLANG_WARN_INFINITE_RECURSION = YES;
				CLANG_WARN_INT_CONVERSION = YES;
				CLANG_WARN_NON_LITERAL_NULL_CONVERSION = YES;
				CLANG_WARN_OBJC_IMPLICIT_RETAIN_SELF = YES;
				CLANG_WARN_OBJC_LITERAL_CONVERSION = YES;
				CLANG_WARN_OBJC_ROOT_CLASS = YES_ERROR;
				CLANG_WARN_RANGE_LOOP_ANALYSIS = YES;
				CLANG_WARN_STRICT_PROTOTYPES = YES;
				CLANG_WARN_SUSPICIOUS_MOVE = YES;
				CLANG_WARN_UNGUARDED_AVAILABILITY = YES_AGGRESSIVE;
				CLANG_WARN_UNREACHABLE_CODE = YES;
				CLANG_WARN__DUPLICATE_METHOD_MATCH = YES;
				COPY_PHASE_STRIP = NO;
				DEBUG_INFORMATION_FORMAT = dwarf;
				ENABLE_STRICT_OBJC_MSGSEND = YES;
				ENABLE_TESTABILITY = YES;
				GCC_C_LANGUAGE_STANDARD = gnu11;
				GCC_DYNAMIC_NO_PIC = NO;
				GCC_NO_COMMON_BLOCKS = YES;
				GCC_OPTIMIZATION_LEVEL = 0;
				GCC_PREPROCESSOR_DEFINITIONS = (
					"DEBUG=1",
					"$(inherited)",
				);
				GCC_WARN_64_TO_32_BIT_CONVERSION = YES;
				GCC_WARN_ABOUT_RETURN_TYPE = YES_ERROR;
				GCC_WARN_UNDECLARED_SELECTOR = YES;
				GCC_WARN_UNINITIALIZED_AUTOS = YES_AGGRESSIVE;
				GCC_WARN_UNUSED_FUNCTION = YES;
				GCC_WARN_UNUSED_VARIABLE = YES;
				IPHONEOS_DEPLOYMENT_TARGET = 13.2;
				MTL_ENABLE_DEBUG_INFO = INCLUDE_SOURCE;
				MTL_FAST_MATH = YES;
				ONLY_ACTIVE_ARCH = YES;
				SDKROOT = iphoneos;
				SWIFT_ACTIVE_COMPILATION_CONDITIONS = DEBUG;
				SWIFT_OPTIMIZATION_LEVEL = "-Onone";
			};
			name = Debug;
		};
		344BD28E2417B894004B788A /* Release */ = {
			isa = XCBuildConfiguration;
			buildSettings = {
				ALWAYS_SEARCH_USER_PATHS = NO;
				CLANG_ANALYZER_NONNULL = YES;
				CLANG_ANALYZER_NUMBER_OBJECT_CONVERSION = YES_AGGRESSIVE;
				CLANG_CXX_LANGUAGE_STANDARD = "gnu++14";
				CLANG_CXX_LIBRARY = "libc++";
				CLANG_ENABLE_MODULES = YES;
				CLANG_ENABLE_OBJC_ARC = YES;
				CLANG_ENABLE_OBJC_WEAK = YES;
				CLANG_WARN_BLOCK_CAPTURE_AUTORELEASING = YES;
				CLANG_WARN_BOOL_CONVERSION = YES;
				CLANG_WARN_COMMA = YES;
				CLANG_WARN_CONSTANT_CONVERSION = YES;
				CLANG_WARN_DEPRECATED_OBJC_IMPLEMENTATIONS = YES;
				CLANG_WARN_DIRECT_OBJC_ISA_USAGE = YES_ERROR;
				CLANG_WARN_DOCUMENTATION_COMMENTS = YES;
				CLANG_WARN_EMPTY_BODY = YES;
				CLANG_WARN_ENUM_CONVERSION = YES;
				CLANG_WARN_INFINITE_RECURSION = YES;
				CLANG_WARN_INT_CONVERSION = YES;
				CLANG_WARN_NON_LITERAL_NULL_CONVERSION = YES;
				CLANG_WARN_OBJC_IMPLICIT_RETAIN_SELF = YES;
				CLANG_WARN_OBJC_LITERAL_CONVERSION = YES;
				CLANG_WARN_OBJC_ROOT_CLASS = YES_ERROR;
				CLANG_WARN_RANGE_LOOP_ANALYSIS = YES;
				CLANG_WARN_STRICT_PROTOTYPES = YES;
				CLANG_WARN_SUSPICIOUS_MOVE = YES;
				CLANG_WARN_UNGUARDED_AVAILABILITY = YES_AGGRESSIVE;
				CLANG_WARN_UNREACHABLE_CODE = YES;
				CLANG_WARN__DUPLICATE_METHOD_MATCH = YES;
				COPY_PHASE_STRIP = NO;
				DEBUG_INFORMATION_FORMAT = "dwarf-with-dsym";
				ENABLE_NS_ASSERTIONS = NO;
				ENABLE_STRICT_OBJC_MSGSEND = YES;
				GCC_C_LANGUAGE_STANDARD = gnu11;
				GCC_NO_COMMON_BLOCKS = YES;
				GCC_WARN_64_TO_32_BIT_CONVERSION = YES;
				GCC_WARN_ABOUT_RETURN_TYPE = YES_ERROR;
				GCC_WARN_UNDECLARED_SELECTOR = YES;
				GCC_WARN_UNINITIALIZED_AUTOS = YES_AGGRESSIVE;
				GCC_WARN_UNUSED_FUNCTION = YES;
				GCC_WARN_UNUSED_VARIABLE = YES;
				IPHONEOS_DEPLOYMENT_TARGET = 13.2;
				MTL_ENABLE_DEBUG_INFO = NO;
				MTL_FAST_MATH = YES;
				SDKROOT = iphoneos;
				SWIFT_COMPILATION_MODE = wholemodule;
				SWIFT_OPTIMIZATION_LEVEL = "-O";
				VALIDATE_PRODUCT = YES;
			};
			name = Release;
		};
		344BD2902417B894004B788A /* Debug */ = {
			isa = XCBuildConfiguration;
			baseConfigurationReference = A82F161B4FD2D08F21BD5F60 /* Pods-SoulMate.debug.xcconfig */;
			buildSettings = {
				ASSETCATALOG_COMPILER_APPICON_NAME = AppIcon;
				CODE_SIGN_STYLE = Automatic;
				DEVELOPMENT_TEAM = 642M6AJ5U3;
				INFOPLIST_FILE = SoulMate/Info.plist;
				LD_RUNPATH_SEARCH_PATHS = (
					"$(inherited)",
					"@executable_path/Frameworks",
				);
				PRODUCT_BUNDLE_IDENTIFIER = cp.SoulMate;
				PRODUCT_NAME = "$(TARGET_NAME)";
				SWIFT_VERSION = 5.0;
				TARGETED_DEVICE_FAMILY = "1,2";
			};
			name = Debug;
		};
		344BD2912417B894004B788A /* Release */ = {
			isa = XCBuildConfiguration;
			baseConfigurationReference = CCAACD3DFB77C411ABC66648 /* Pods-SoulMate.release.xcconfig */;
			buildSettings = {
				ASSETCATALOG_COMPILER_APPICON_NAME = AppIcon;
				CODE_SIGN_STYLE = Automatic;
				DEVELOPMENT_TEAM = 642M6AJ5U3;
				INFOPLIST_FILE = SoulMate/Info.plist;
				LD_RUNPATH_SEARCH_PATHS = (
					"$(inherited)",
					"@executable_path/Frameworks",
				);
				PRODUCT_BUNDLE_IDENTIFIER = cp.SoulMate;
				PRODUCT_NAME = "$(TARGET_NAME)";
				SWIFT_VERSION = 5.0;
				TARGETED_DEVICE_FAMILY = "1,2";
			};
			name = Release;
		};
/* End XCBuildConfiguration section */

/* Begin XCConfigurationList section */
		344BD2762417B88F004B788A /* Build configuration list for PBXProject "SoulMate" */ = {
			isa = XCConfigurationList;
			buildConfigurations = (
				344BD28D2417B894004B788A /* Debug */,
				344BD28E2417B894004B788A /* Release */,
			);
			defaultConfigurationIsVisible = 0;
			defaultConfigurationName = Release;
		};
		344BD28F2417B894004B788A /* Build configuration list for PBXNativeTarget "SoulMate" */ = {
			isa = XCConfigurationList;
			buildConfigurations = (
				344BD2902417B894004B788A /* Debug */,
				344BD2912417B894004B788A /* Release */,
			);
			defaultConfigurationIsVisible = 0;
			defaultConfigurationName = Release;
		};
/* End XCConfigurationList section */
	};
	rootObject = 344BD2732417B88F004B788A /* Project object */;
}
